
Microsoft Visual Studio Solution File, Format Version 12.00
# Visual Studio Version 16
VisualStudioVersion = 16.0.29326.143
MinimumVisualStudioVersion = 10.0.40219.1
Project("{FAE04EC0-301F-11D3-BF4B-00C04F79EFBC}") = "Demo1", "Demo1\Demo1.csproj", "{7A9968A2-BAE6-4B77-BD48-1C78A66B9E75}"
EndProject
Global
	GlobalSection(SolutionConfigurationPlatforms) = preSolution
		Debug|Any CPU = Debug|Any CPU
		Release|Any CPU = Release|Any CPU
	EndGlobalSection
	GlobalSection(ProjectConfigurationPlatforms) = postSolution
		{7A9968A2-BAE6-4B77-BD48-1C78A66B9E75}.Debug|Any CPU.ActiveCfg = Debug|Any CPU
		{7A9968A2-BAE6-4B77-BD48-1C78A66B9E75}.Debug|Any CPU.Build.0 = Debug|Any CPU
		{7A9968A2-BAE6-4B77-BD48-1C78A66B9E75}.Release|Any CPU.ActiveCfg = Release|Any CPU
		{7A9968A2-BAE6-4B77-BD48-1C78A66B9E75}.Release|Any CPU.Build.0 = Release|Any CPU
	EndGlobalSection
	GlobalSection(SolutionProperties) = preSolution
		HideSolutionNode = FALSE
	EndGlobalSection
	GlobalSection(ExtensibilityGlobals) = postSolution
		SolutionGuid = {0EA86C1B-B8B0-4B30-A08C-18BA6C9941B5}
	EndGlobalSection
EndGlobal
